
Microsoft Visual Studio Solution File, Format Version 12.00
# Visual Studio Version 16
VisualStudioVersion = 16.0.30503.244
MinimumVisualStudioVersion = 10.0.40219.1
Project("{FAE04EC0-301F-11D3-BF4B-00C04F79EFBC}") = "PowerPause", "PowerPause\PowerPause.csproj", "{F3EE2CBE-0262-4941-BD36-A1E01837C84B}"
EndProject
Global
	GlobalSection(SolutionConfigurationPlatforms) = preSolution
		Debug|Any CPU = Debug|Any CPU
		Release|Any CPU = Release|Any CPU
	EndGlobalSection
	GlobalSection(ProjectConfigurationPlatforms) = postSolution
		{F3EE2CBE-0262-4941-BD36-A1E01837C84B}.Debug|Any CPU.ActiveCfg = Debug|Any CPU
		{F3EE2CBE-0262-4941-BD36-A1E01837C84B}.Debug|Any CPU.Build.0 = Debug|Any CPU
		{F3EE2CBE-0262-4941-BD36-A1E01837C84B}.Release|Any CPU.ActiveCfg = Release|Any CPU
		{F3EE2CBE-0262-4941-BD36-A1E01837C84B}.Release|Any CPU.Build.0 = Release|Any CPU
	EndGlobalSection
	GlobalSection(SolutionProperties) = preSolution
		HideSolutionNode = FALSE
	EndGlobalSection
	GlobalSection(ExtensibilityGlobals) = postSolution
		SolutionGuid = {92405127-DB6B-46ED-B80A-E9F8AC51C365}
	EndGlobalSection
EndGlobal
